
Microsoft Visual Studio Solution File, Format Version 12.00
# Visual Studio Version 17
VisualStudioVersion = 17.12.35707.178 d17.12
MinimumVisualStudioVersion = 10.0.40219.1
Project("{FAE04EC0-301F-11D3-BF4B-00C04F79EFBC}") = "AuthenticationApi.Domain", "AuthenticationApi.Domain\AuthenticationApi.Domain.csproj", "{2554FD72-015B-43D3-AC53-5554204D4FB7}"
EndProject
Project("{FAE04EC0-301F-11D3-BF4B-00C04F79EFBC}") = "AuthenticationApi.Application", "AuthenticationApi.Application\AuthenticationApi.Application.csproj", "{A3CD7CE8-B988-43C0-9322-2B84DC92C6FE}"
EndProject
Project("{FAE04EC0-301F-11D3-BF4B-00C04F79EFBC}") = "AuthenticationApi.Infrastructure", "AuthenticationApi.Infrastructure\AuthenticationApi.Infrastructure.csproj", "{6E158F9B-D7ED-426B-9285-246E8A3875A6}"
EndProject
Project("{FAE04EC0-301F-11D3-BF4B-00C04F79EFBC}") = "AuthenticationApi.Presentation", "AuthenticationApi.Presentation\AuthenticationApi.Presentation.csproj", "{8277B540-9862-4EF7-A335-36F1BF449A46}"
EndProject
Project("{FAE04EC0-301F-11D3-BF4B-00C04F79EFBC}") = "ECommerce.SharedLibrary", "..\DemoECommerce.SharedLibrarySolution\ECommerce.SharedLibrary\ECommerce.SharedLibrary.csproj", "{5C0DF863-C157-4711-B4E1-43FA86972C3B}"
EndProject
Global
	GlobalSection(SolutionConfigurationPlatforms) = preSolution
		Debug|Any CPU = Debug|Any CPU
		Release|Any CPU = Release|Any CPU
	EndGlobalSection
	GlobalSection(ProjectConfigurationPlatforms) = postSolution
		{2554FD72-015B-43D3-AC53-5554204D4FB7}.Debug|Any CPU.ActiveCfg = Debug|Any CPU
		{2554FD72-015B-43D3-AC53-5554204D4FB7}.Debug|Any CPU.Build.0 = Debug|Any CPU
		{2554FD72-015B-43D3-AC53-5554204D4FB7}.Release|Any CPU.ActiveCfg = Release|Any CPU
		{2554FD72-015B-43D3-AC53-5554204D4FB7}.Release|Any CPU.Build.0 = Release|Any CPU
		{A3CD7CE8-B988-43C0-9322-2B84DC92C6FE}.Debug|Any CPU.ActiveCfg = Debug|Any CPU
		{A3CD7CE8-B988-43C0-9322-2B84DC92C6FE}.Debug|Any CPU.Build.0 = Debug|Any CPU
		{A3CD7CE8-B988-43C0-9322-2B84DC92C6FE}.Release|Any CPU.ActiveCfg = Release|Any CPU
		{A3CD7CE8-B988-43C0-9322-2B84DC92C6FE}.Release|Any CPU.Build.0 = Release|Any CPU
		{6E158F9B-D7ED-426B-9285-246E8A3875A6}.Debug|Any CPU.ActiveCfg = Debug|Any CPU
		{6E158F9B-D7ED-426B-9285-246E8A3875A6}.Debug|Any CPU.Build.0 = Debug|Any CPU
		{6E158F9B-D7ED-426B-9285-246E8A3875A6}.Release|Any CPU.ActiveCfg = Release|Any CPU
		{6E158F9B-D7ED-426B-9285-246E8A3875A6}.Release|Any CPU.Build.0 = Release|Any CPU
		{8277B540-9862-4EF7-A335-36F1BF449A46}.Debug|Any CPU.ActiveCfg = Debug|Any CPU
		{8277B540-9862-4EF7-A335-36F1BF449A46}.Debug|Any CPU.Build.0 = Debug|Any CPU
		{8277B540-9862-4EF7-A335-36F1BF449A46}.Release|Any CPU.ActiveCfg = Release|Any CPU
		{8277B540-9862-4EF7-A335-36F1BF449A46}.Release|Any CPU.Build.0 = Release|Any CPU
		{5C0DF863-C157-4711-B4E1-43FA86972C3B}.Debug|Any CPU.ActiveCfg = Debug|Any CPU
		{5C0DF863-C157-4711-B4E1-43FA86972C3B}.Debug|Any CPU.Build.0 = Debug|Any CPU
		{5C0DF863-C157-4711-B4E1-43FA86972C3B}.Release|Any CPU.ActiveCfg = Release|Any CPU
		{5C0DF863-C157-4711-B4E1-43FA86972C3B}.Release|Any CPU.Build.0 = Release|Any CPU
	EndGlobalSection
	GlobalSection(SolutionProperties) = preSolution
		HideSolutionNode = FALSE
	EndGlobalSection
EndGlobal
